// !$*UTF8*$!
{
	archiveVersion = 1;
	classes = {
	};
	objectVersion = 55;
	objects = {

/* Begin PBXBuildFile section */
		0D88BA8D27F311AF00FCD9FF /* AppDelegate.swift in Sources */ = {isa = PBXBuildFile; fileRef = 0D88BA8C27F311AF00FCD9FF /* AppDelegate.swift */; };
		0D88BA8F27F311AF00FCD9FF /* SceneDelegate.swift in Sources */ = {isa = PBXBuildFile; fileRef = 0D88BA8E27F311AF00FCD9FF /* SceneDelegate.swift */; };
		0D88BA9127F311AF00FCD9FF /* ViewController.swift in Sources */ = {isa = PBXBuildFile; fileRef = 0D88BA9027F311AF00FCD9FF /* ViewController.swift */; };
		0D88BA9427F311AF00FCD9FF /* Main.storyboard in Resources */ = {isa = PBXBuildFile; fileRef = 0D88BA9227F311AF00FCD9FF /* Main.storyboard */; };
		0D88BA9627F311B800FCD9FF /* Assets.xcassets in Resources */ = {isa = PBXBuildFile; fileRef = 0D88BA9527F311B800FCD9FF /* Assets.xcassets */; };
		0D88BA9927F311B800FCD9FF /* LaunchScreen.storyboard in Resources */ = {isa = PBXBuildFile; fileRef = 0D88BA9727F311B800FCD9FF /* LaunchScreen.storyboard */; };
		0D88BAA427F311B800FCD9FF /* Wifi_File_Share_iOSTests.swift in Sources */ = {isa = PBXBuildFile; fileRef = 0D88BAA327F311B800FCD9FF /* Wifi_File_Share_iOSTests.swift */; };
		0D88BAAE27F311B800FCD9FF /* Wifi_File_Share_iOSUITests.swift in Sources */ = {isa = PBXBuildFile; fileRef = 0D88BAAD27F311B800FCD9FF /* Wifi_File_Share_iOSUITests.swift */; };
		0D88BAB027F311B800FCD9FF /* Wifi_File_Share_iOSUITestsLaunchTests.swift in Sources */ = {isa = PBXBuildFile; fileRef = 0D88BAAF27F311B800FCD9FF /* Wifi_File_Share_iOSUITestsLaunchTests.swift */; };
/* End PBXBuildFile section */

/* Begin PBXContainerItemProxy section */
		0D88BAA027F311B800FCD9FF /* PBXContainerItemProxy */ = {
			isa = PBXContainerItemProxy;
			containerPortal = 0D88BA8127F311AF00FCD9FF /* Project object */;
			proxyType = 1;
			remoteGlobalIDString = 0D88BA8827F311AF00FCD9FF;
			remoteInfo = "Wifi File Share iOS";
		};
		0D88BAAA27F311B800FCD9FF /* PBXContainerItemProxy */ = {
			isa = PBXContainerItemProxy;
			containerPortal = 0D88BA8127F311AF00FCD9FF /* Project object */;
			proxyType = 1;
			remoteGlobalIDString = 0D88BA8827F311AF00FCD9FF;
			remoteInfo = "Wifi File Share iOS";
		};
/* End PBXContainerItemProxy section */

/* Begin PBXFileReference section */
		0D88BA8927F311AF00FCD9FF /* Wifi File Share iOS.app */ = {isa = PBXFileReference; explicitFileType = wrapper.application; includeInIndex = 0; path = "Wifi File Share iOS.app"; sourceTree = BUILT_PRODUCTS_DIR; };
		0D88BA8C27F311AF00FCD9FF /* AppDelegate.swift */ = {isa = PBXFileReference; lastKnownFileType = sourcecode.swift; path = AppDelegate.swift; sourceTree = "<group>"; };
		0D88BA8E27F311AF00FCD9FF /* SceneDelegate.swift */ = {isa = PBXFileReference; lastKnownFileType = sourcecode.swift; path = SceneDelegate.swift; sourceTree = "<group>"; };
		0D88BA9027F311AF00FCD9FF /* ViewController.swift */ = {isa = PBXFileReference; lastKnownFileType = sourcecode.swift; path = ViewController.swift; sourceTree = "<group>"; };
		0D88BA9327F311AF00FCD9FF /* Base */ = {isa = PBXFileReference; lastKnownFileType = file.storyboard; name = Base; path = Base.lproj/Main.storyboard; sourceTree = "<group>"; };
		0D88BA9527F311B800FCD9FF /* Assets.xcassets */ = {isa = PBXFileReference; lastKnownFileType = folder.assetcatalog; path = Assets.xcassets; sourceTree = "<group>"; };
		0D88BA9827F311B800FCD9FF /* Base */ = {isa = PBXFileReference; lastKnownFileType = file.storyboard; name = Base; path = Base.lproj/LaunchScreen.storyboard; sourceTree = "<group>"; };
		0D88BA9A27F311B800FCD9FF /* Info.plist */ = {isa = PBXFileReference; lastKnownFileType = text.plist.xml; path = Info.plist; sourceTree = "<group>"; };
		0D88BA9F27F311B800FCD9FF /* Wifi File Share iOSTests.xctest */ = {isa = PBXFileReference; explicitFileType = wrapper.cfbundle; includeInIndex = 0; path = "Wifi File Share iOSTests.xctest"; sourceTree = BUILT_PRODUCTS_DIR; };
		0D88BAA327F311B800FCD9FF /* Wifi_File_Share_iOSTests.swift */ = {isa = PBXFileReference; lastKnownFileType = sourcecode.swift; path = Wifi_File_Share_iOSTests.swift; sourceTree = "<group>"; };
		0D88BAA927F311B800FCD9FF /* Wifi File Share iOSUITests.xctest */ = {isa = PBXFileReference; explicitFileType = wrapper.cfbundle; includeInIndex = 0; path = "Wifi File Share iOSUITests.xctest"; sourceTree = BUILT_PRODUCTS_DIR; };
		0D88BAAD27F311B800FCD9FF /* Wifi_File_Share_iOSUITests.swift */ = {isa = PBXFileReference; lastKnownFileType = sourcecode.swift; path = Wifi_File_Share_iOSUITests.swift; sourceTree = "<group>"; };
		0D88BAAF27F311B800FCD9FF /* Wifi_File_Share_iOSUITestsLaunchTests.swift */ = {isa = PBXFileReference; lastKnownFileType = sourcecode.swift; path = Wifi_File_Share_iOSUITestsLaunchTests.swift; sourceTree = "<group>"; };
/* End PBXFileReference section */

/* Begin PBXFrameworksBuildPhase section */
		0D88BA8627F311AF00FCD9FF /* Frameworks */ = {
			isa = PBXFrameworksBuildPhase;
			buildActionMask = 2147483647;
			files = (
			);
			runOnlyForDeploymentPostprocessing = 0;
		};
		0D88BA9C27F311B800FCD9FF /* Frameworks */ = {
			isa = PBXFrameworksBuildPhase;
			buildActionMask = 2147483647;
			files = (
			);
			runOnlyForDeploymentPostprocessing = 0;
		};
		0D88BAA627F311B800FCD9FF /* Frameworks */ = {
			isa = PBXFrameworksBuildPhase;
			buildActionMask = 2147483647;
			files = (
			);
			runOnlyForDeploymentPostprocessing = 0;
		};
/* End PBXFrameworksBuildPhase section */

/* Begin PBXGroup section */
		0D88BA8027F311AF00FCD9FF = {
			isa = PBXGroup;
			children = (
				0D88BA8B27F311AF00FCD9FF /* Wifi File Share iOS */,
				0D88BAA227F311B800FCD9FF /* Wifi File Share iOSTests */,
				0D88BAAC27F311B800FCD9FF /* Wifi File Share iOSUITests */,
				0D88BA8A27F311AF00FCD9FF /* Products */,
			);
			sourceTree = "<group>";
		};
		0D88BA8A27F311AF00FCD9FF /* Products */ = {
			isa = PBXGroup;
			children = (
				0D88BA8927F311AF00FCD9FF /* Wifi File Share iOS.app */,
				0D88BA9F27F311B800FCD9FF /* Wifi File Share iOSTests.xctest */,
				0D88BAA927F311B800FCD9FF /* Wifi File Share iOSUITests.xctest */,
			);
			name = Products;
			sourceTree = "<group>";
		};
		0D88BA8B27F311AF00FCD9FF /* Wifi File Share iOS */ = {
			isa = PBXGroup;
			children = (
				0D88BA8C27F311AF00FCD9FF /* AppDelegate.swift */,
				0D88BA8E27F311AF00FCD9FF /* SceneDelegate.swift */,
				0D88BA9027F311AF00FCD9FF /* ViewController.swift */,
				0D88BA9227F311AF00FCD9FF /* Main.storyboard */,
				0D88BA9527F311B800FCD9FF /* Assets.xcassets */,
				0D88BA9727F311B800FCD9FF /* LaunchScreen.storyboard */,
				0D88BA9A27F311B800FCD9FF /* Info.plist */,
			);
			path = "Wifi File Share iOS";
			sourceTree = "<group>";
		};
		0D88BAA227F311B800FCD9FF /* Wifi File Share iOSTests */ = {
			isa = PBXGroup;
			children = (
				0D88BAA327F311B800FCD9FF /* Wifi_File_Share_iOSTests.swift */,
			);
			path = "Wifi File Share iOSTests";
			sourceTree = "<group>";
		};
		0D88BAAC27F311B800FCD9FF /* Wifi File Share iOSUITests */ = {
			isa = PBXGroup;
			children = (
				0D88BAAD27F311B800FCD9FF /* Wifi_File_Share_iOSUITests.swift */,
				0D88BAAF27F311B800FCD9FF /* Wifi_File_Share_iOSUITestsLaunchTests.swift */,
			);
			path = "Wifi File Share iOSUITests";
			sourceTree = "<group>";
		};
/* End PBXGroup section */

/* Begin PBXNativeTarget section */
		0D88BA8827F311AF00FCD9FF /* Wifi File Share iOS */ = {
			isa = PBXNativeTarget;
			buildConfigurationList = 0D88BAB327F311B800FCD9FF /* Build configuration list for PBXNativeTarget "Wifi File Share iOS" */;
			buildPhases = (
				0D88BA8527F311AF00FCD9FF /* Sources */,
				0D88BA8627F311AF00FCD9FF /* Frameworks */,
				0D88BA8727F311AF00FCD9FF /* Resources */,
			);
			buildRules = (
			);
			dependencies = (
			);
			name = "Wifi File Share iOS";
			productName = "Wifi File Share iOS";
			productReference = 0D88BA8927F311AF00FCD9FF /* Wifi File Share iOS.app */;
			productType = "com.apple.product-type.application";
		};
		0D88BA9E27F311B800FCD9FF /* Wifi File Share iOSTests */ = {
			isa = PBXNativeTarget;
			buildConfigurationList = 0D88BAB627F311B800FCD9FF /* Build configuration list for PBXNativeTarget "Wifi File Share iOSTests" */;
			buildPhases = (
				0D88BA9B27F311B800FCD9FF /* Sources */,
				0D88BA9C27F311B800FCD9FF /* Frameworks */,
				0D88BA9D27F311B800FCD9FF /* Resources */,
			);
			buildRules = (
			);
			dependencies = (
				0D88BAA127F311B800FCD9FF /* PBXTargetDependency */,
			);
			name = "Wifi File Share iOSTests";
			productName = "Wifi File Share iOSTests";
			productReference = 0D88BA9F27F311B800FCD9FF /* Wifi File Share iOSTests.xctest */;
			productType = "com.apple.product-type.bundle.unit-test";
		};
		0D88BAA827F311B800FCD9FF /* Wifi File Share iOSUITests */ = {
			isa = PBXNativeTarget;
			buildConfigurationList = 0D88BAB927F311B800FCD9FF /* Build configuration list for PBXNativeTarget "Wifi File Share iOSUITests" */;
			buildPhases = (
				0D88BAA527F311B800FCD9FF /* Sources */,
				0D88BAA627F311B800FCD9FF /* Frameworks */,
				0D88BAA727F311B800FCD9FF /* Resources */,
			);
			buildRules = (
			);
			dependencies = (
				0D88BAAB27F311B800FCD9FF /* PBXTargetDependency */,
			);
			name = "Wifi File Share iOSUITests";
			productName = "Wifi File Share iOSUITests";
			productReference = 0D88BAA927F311B800FCD9FF /* Wifi File Share iOSUITests.xctest */;
			productType = "com.apple.product-type.bundle.ui-testing";
		};
/* End PBXNativeTarget section */

/* Begin PBXProject section */
		0D88BA8127F311AF00FCD9FF /* Project object */ = {
			isa = PBXProject;
			attributes = {
				BuildIndependentTargetsInParallel = 1;
				LastSwiftUpdateCheck = 1320;
				LastUpgradeCheck = 1320;
				TargetAttributes = {
					0D88BA8827F311AF00FCD9FF = {
						CreatedOnToolsVersion = 13.2.1;
					};
					0D88BA9E27F311B800FCD9FF = {
						CreatedOnToolsVersion = 13.2.1;
						TestTargetID = 0D88BA8827F311AF00FCD9FF;
					};
					0D88BAA827F311B800FCD9FF = {
						CreatedOnToolsVersion = 13.2.1;
						TestTargetID = 0D88BA8827F311AF00FCD9FF;
					};
				};
			};
			buildConfigurationList = 0D88BA8427F311AF00FCD9FF /* Build configuration list for PBXProject "Wifi File Share iOS" */;
			compatibilityVersion = "Xcode 13.0";
			developmentRegion = en;
			hasScannedForEncodings = 0;
			knownRegions = (
				en,
				Base,
			);
			mainGroup = 0D88BA8027F311AF00FCD9FF;
			productRefGroup = 0D88BA8A27F311AF00FCD9FF /* Products */;
			projectDirPath = "";
			projectRoot = "";
			targets = (
				0D88BA8827F311AF00FCD9FF /* Wifi File Share iOS */,
				0D88BA9E27F311B800FCD9FF /* Wifi File Share iOSTests */,
				0D88BAA827F311B800FCD9FF /* Wifi File Share iOSUITests */,
			);
		};
/* End PBXProject section */

/* Begin PBXResourcesBuildPhase section */
		0D88BA8727F311AF00FCD9FF /* Resources */ = {
			isa = PBXResourcesBuildPhase;
			buildActionMask = 2147483647;
			files = (
				0D88BA9927F311B800FCD9FF /* LaunchScreen.storyboard in Resources */,
				0D88BA9627F311B800FCD9FF /* Assets.xcassets in Resources */,
				0D88BA9427F311AF00FCD9FF /* Main.storyboard in Resources */,
			);
			runOnlyForDeploymentPostprocessing = 0;
		};
		0D88BA9D27F311B800FCD9FF /* Resources */ = {
			isa = PBXResourcesBuildPhase;
			buildActionMask = 2147483647;
			files = (
			);
			runOnlyForDeploymentPostprocessing = 0;
		};
		0D88BAA727F311B800FCD9FF /* Resources */ = {
			isa = PBXResourcesBuildPhase;
			buildActionMask = 2147483647;
			files = (
			);
			runOnlyForDeploymentPostprocessing = 0;
		};
/* End PBXResourcesBuildPhase section */

/* Begin PBXSourcesBuildPhase section */
		0D88BA8527F311AF00FCD9FF /* Sources */ = {
			isa = PBXSourcesBuildPhase;
			buildActionMask = 2147483647;
			files = (
				0D88BA9127F311AF00FCD9FF /* ViewController.swift in Sources */,
				0D88BA8D27F311AF00FCD9FF /* AppDelegate.swift in Sources */,
				0D88BA8F27F311AF00FCD9FF /* SceneDelegate.swift in Sources */,
			);
			runOnlyForDeploymentPostprocessing = 0;
		};
		0D88BA9B27F311B800FCD9FF /* Sources */ = {
			isa = PBXSourcesBuildPhase;
			buildActionMask = 2147483647;
			files = (
				0D88BAA427F311B800FCD9FF /* Wifi_File_Share_iOSTests.swift in Sources */,
			);
			runOnlyForDeploymentPostprocessing = 0;
		};
		0D88BAA527F311B800FCD9FF /* Sources */ = {
			isa = PBXSourcesBuildPhase;
			buildActionMask = 2147483647;
			files = (
				0D88BAAE27F311B800FCD9FF /* Wifi_File_Share_iOSUITests.swift in Sources */,
				0D88BAB027F311B800FCD9FF /* Wifi_File_Share_iOSUITestsLaunchTests.swift in Sources */,
			);
			runOnlyForDeploymentPostprocessing = 0;
		};
/* End PBXSourcesBuildPhase section */

/* Begin PBXTargetDependency section */
		0D88BAA127F311B800FCD9FF /* PBXTargetDependency */ = {
			isa = PBXTargetDependency;
			target = 0D88BA8827F311AF00FCD9FF /* Wifi File Share iOS */;
			targetProxy = 0D88BAA027F311B800FCD9FF /* PBXContainerItemProxy */;
		};
		0D88BAAB27F311B800FCD9FF /* PBXTargetDependency */ = {
			isa = PBXTargetDependency;
			target = 0D88BA8827F311AF00FCD9FF /* Wifi File Share iOS */;
			targetProxy = 0D88BAAA27F311B800FCD9FF /* PBXContainerItemProxy */;
		};
/* End PBXTargetDependency section */

/* Begin PBXVariantGroup section */
		0D88BA9227F311AF00FCD9FF /* Main.storyboard */ = {
			isa = PBXVariantGroup;
			children = (
				0D88BA9327F311AF00FCD9FF /* Base */,
			);
			name = Main.storyboard;
			sourceTree = "<group>";
		};
		0D88BA9727F311B800FCD9FF /* LaunchScreen.storyboard */ = {
			isa = PBXVariantGroup;
			children = (
				0D88BA9827F311B800FCD9FF /* Base */,
			);
			name = LaunchScreen.storyboard;
			sourceTree = "<group>";
		};
/* End PBXVariantGroup section */

/* Begin XCBuildConfiguration section */
		0D88BAB127F311B800FCD9FF /* Debug */ = {
			isa = XCBuildConfiguration;
			buildSettings = {
				ALWAYS_SEARCH_USER_PATHS = NO;
				CLANG_ANALYZER_NONNULL = YES;
				CLANG_ANALYZER_NUMBER_OBJECT_CONVERSION = YES_AGGRESSIVE;
				CLANG_CXX_LANGUAGE_STANDARD = "gnu++17";
				CLANG_CXX_LIBRARY = "libc++";
				CLANG_ENABLE_MODULES = YES;
				CLANG_ENABLE_OBJC_ARC = YES;
				CLANG_ENABLE_OBJC_WEAK = YES;
				CLANG_WARN_BLOCK_CAPTURE_AUTORELEASING = YES;
				CLANG_WARN_BOOL_CONVERSION = YES;
				CLANG_WARN_COMMA = YES;
				CLANG_WARN_CONSTANT_CONVERSION = YES;
				CLANG_WARN_DEPRECATED_OBJC_IMPLEMENTATIONS = YES;
				CLANG_WARN_DIRECT_OBJC_ISA_USAGE = YES_ERROR;
				CLANG_WARN_DOCUMENTATION_COMMENTS = YES;
				CLANG_WARN_EMPTY_BODY = YES;
				CLANG_WARN_ENUM_CONVERSION = YES;
				CLANG_WARN_INFINITE_RECURSION = YES;
				CLANG_WARN_INT_CONVERSION = YES;
				CLANG_WARN_NON_LITERAL_NULL_CONVERSION = YES;
				CLANG_WARN_OBJC_IMPLICIT_RETAIN_SELF = YES;
				CLANG_WARN_OBJC_LITERAL_CONVERSION = YES;
				CLANG_WARN_OBJC_ROOT_CLASS = YES_ERROR;
				CLANG_WARN_QUOTED_INCLUDE_IN_FRAMEWORK_HEADER = YES;
				CLANG_WARN_RANGE_LOOP_ANALYSIS = YES;
				CLANG_WARN_STRICT_PROTOTYPES = YES;
				CLANG_WARN_SUSPICIOUS_MOVE = YES;
				CLANG_WARN_UNGUARDED_AVAILABILITY = YES_AGGRESSIVE;
				CLANG_WARN_UNREACHABLE_CODE = YES;
				CLANG_WARN__DUPLICATE_METHOD_MATCH = YES;
				COPY_PHASE_STRIP = NO;
				DEBUG_INFORMATION_FORMAT = dwarf;
				ENABLE_STRICT_OBJC_MSGSEND = YES;
				ENABLE_TESTABILITY = YES;
				GCC_C_LANGUAGE_STANDARD = gnu11;
				GCC_DYNAMIC_NO_PIC = NO;
				GCC_NO_COMMON_BLOCKS = YES;
				GCC_OPTIMIZATION_LEVEL = 0;
				GCC_PREPROCESSOR_DEFINITIONS = (
					"DEBUG=1",
					"$(inherited)",
				);
				GCC_WARN_64_TO_32_BIT_CONVERSION = YES;
				GCC_WARN_ABOUT_RETURN_TYPE = YES_ERROR;
				GCC_WARN_UNDECLARED_SELECTOR = YES;
				GCC_WARN_UNINITIALIZED_AUTOS = YES_AGGRESSIVE;
				GCC_WARN_UNUSED_FUNCTION = YES;
				GCC_WARN_UNUSED_VARIABLE = YES;
				IPHONEOS_DEPLOYMENT_TARGET = 15.2;
				MTL_ENABLE_DEBUG_INFO = INCLUDE_SOURCE;
				MTL_FAST_MATH = YES;
				ONLY_ACTIVE_ARCH = YES;
				SDKROOT = iphoneos;
				SWIFT_ACTIVE_COMPILATION_CONDITIONS = DEBUG;
				SWIFT_OPTIMIZATION_LEVEL = "-Onone";
			};
			name = Debug;
		};
		0D88BAB227F311B800FCD9FF /* Release */ = {
			isa = XCBuildConfiguration;
			buildSettings = {
				ALWAYS_SEARCH_USER_PATHS = NO;
				CLANG_ANALYZER_NONNULL = YES;
				CLANG_ANALYZER_NUMBER_OBJECT_CONVERSION = YES_AGGRESSIVE;
				CLANG_CXX_LANGUAGE_STANDARD = "gnu++17";
				CLANG_CXX_LIBRARY = "libc++";
				CLANG_ENABLE_MODULES = YES;
				CLANG_ENABLE_OBJC_ARC = YES;
				CLANG_ENABLE_OBJC_WEAK = YES;
				CLANG_WARN_BLOCK_CAPTURE_AUTORELEASING = YES;
				CLANG_WARN_BOOL_CONVERSION = YES;
				CLANG_WARN_COMMA = YES;
				CLANG_WARN_CONSTANT_CONVERSION = YES;
				CLANG_WARN_DEPRECATED_OBJC_IMPLEMENTATIONS = YES;
				CLANG_WARN_DIRECT_OBJC_ISA_USAGE = YES_ERROR;
				CLANG_WARN_DOCUMENTATION_COMMENTS = YES;
				CLANG_WARN_EMPTY_BODY = YES;
				CLANG_WARN_ENUM_CONVERSION = YES;
				CLANG_WARN_INFINITE_RECURSION = YES;
				CLANG_WARN_INT_CONVERSION = YES;
				CLANG_WARN_NON_LITERAL_NULL_CONVERSION = YES;
				CLANG_WARN_OBJC_IMPLICIT_RETAIN_SELF = YES;
				CLANG_WARN_OBJC_LITERAL_CONVERSION = YES;
				CLANG_WARN_OBJC_ROOT_CLASS = YES_ERROR;
				CLANG_WARN_QUOTED_INCLUDE_IN_FRAMEWORK_HEADER = YES;
				CLANG_WARN_RANGE_LOOP_ANALYSIS = YES;
				CLANG_WARN_STRICT_PROTOTYPES = YES;
				CLANG_WARN_SUSPICIOUS_MOVE = YES;
				CLANG_WARN_UNGUARDED_AVAILABILITY = YES_AGGRESSIVE;
				CLANG_WARN_UNREACHABLE_CODE = YES;
				CLANG_WARN__DUPLICATE_METHOD_MATCH = YES;
				COPY_PHASE_STRIP = NO;
				DEBUG_INFORMATION_FORMAT = "dwarf-with-dsym";
				ENABLE_NS_ASSERTIONS = NO;
				ENABLE_STRICT_OBJC_MSGSEND = YES;
				GCC_C_LANGUAGE_STANDARD = gnu11;
				GCC_NO_COMMON_BLOCKS = YES;
				GCC_WARN_64_TO_32_BIT_CONVERSION = YES;
				GCC_WARN_ABOUT_RETURN_TYPE = YES_ERROR;
				GCC_WARN_UNDECLARED_SELECTOR = YES;
				GCC_WARN_UNINITIALIZED_AUTOS = YES_AGGRESSIVE;
				GCC_WARN_UNUSED_FUNCTION = YES;
				GCC_WARN_UNUSED_VARIABLE = YES;
				IPHONEOS_DEPLOYMENT_TARGET = 15.2;
				MTL_ENABLE_DEBUG_INFO = NO;
				MTL_FAST_MATH = YES;
				SDKROOT = iphoneos;
				SWIFT_COMPILATION_MODE = wholemodule;
				SWIFT_OPTIMIZATION_LEVEL = "-O";
				VALIDATE_PRODUCT = YES;
			};
			name = Release;
		};
		0D88BAB427F311B800FCD9FF /* Debug */ = {
			isa = XCBuildConfiguration;
			buildSettings = {
				ASSETCATALOG_COMPILER_APPICON_NAME = AppIcon;
				ASSETCATALOG_COMPILER_GLOBAL_ACCENT_COLOR_NAME = AccentColor;
				CODE_SIGN_STYLE = Automatic;
				CURRENT_PROJECT_VERSION = 1;
				DEVELOPMENT_TEAM = K4A9T7D84R;
				GENERATE_INFOPLIST_FILE = YES;
				INFOPLIST_FILE = "Wifi File Share iOS/Info.plist";
				INFOPLIST_KEY_UIApplicationSupportsIndirectInputEvents = YES;
				INFOPLIST_KEY_UILaunchStoryboardName = LaunchScreen;
				INFOPLIST_KEY_UIMainStoryboardFile = Main;
				INFOPLIST_KEY_UISupportedInterfaceOrientations_iPad = "UIInterfaceOrientationPortrait UIInterfaceOrientationPortraitUpsideDown UIInterfaceOrientationLandscapeLeft UIInterfaceOrientationLandscapeRight";
				INFOPLIST_KEY_UISupportedInterfaceOrientations_iPhone = "UIInterfaceOrientationPortrait UIInterfaceOrientationLandscapeLeft UIInterfaceOrientationLandscapeRight";
				LD_RUNPATH_SEARCH_PATHS = (
					"$(inherited)",
					"@executable_path/Frameworks",
				);
				MARKETING_VERSION = 1.0;
				PRODUCT_BUNDLE_IDENTIFIER = "com.Self.Wifi-File-Share-iOS";
				PRODUCT_NAME = "$(TARGET_NAME)";
				SWIFT_EMIT_LOC_STRINGS = YES;
				SWIFT_VERSION = 5.0;
				TARGETED_DEVICE_FAMILY = "1,2";
			};
			name = Debug;
		};
		0D88BAB527F311B800FCD9FF /* Release */ = {
			isa = XCBuildConfiguration;
			buildSettings = {
				ASSETCATALOG_COMPILER_APPICON_NAME = AppIcon;
				ASSETCATALOG_COMPILER_GLOBAL_ACCENT_COLOR_NAME = AccentColor;
				CODE_SIGN_STYLE = Automatic;
				CURRENT_PROJECT_VERSION = 1;
				DEVELOPMENT_TEAM = K4A9T7D84R;
				GENERATE_INFOPLIST_FILE = YES;
				INFOPLIST_FILE = "Wifi File Share iOS/Info.plist";
				INFOPLIST_KEY_UIApplicationSupportsIndirectInputEvents = YES;
				INFOPLIST_KEY_UILaunchStoryboardName = LaunchScreen;
				INFOPLIST_KEY_UIMainStoryboardFile = Main;
				INFOPLIST_KEY_UISupportedInterfaceOrientations_iPad = "UIInterfaceOrientationPortrait UIInterfaceOrientationPortraitUpsideDown UIInterfaceOrientationLandscapeLeft UIInterfaceOrientationLandscapeRight";
				INFOPLIST_KEY_UISupportedInterfaceOrientations_iPhone = "UIInterfaceOrientationPortrait UIInterfaceOrientationLandscapeLeft UIInterfaceOrientationLandscapeRight";
				LD_RUNPATH_SEARCH_PATHS = (
					"$(inherited)",
					"@executable_path/Frameworks",
				);
				MARKETING_VERSION = 1.0;
				PRODUCT_BUNDLE_IDENTIFIER = "com.Self.Wifi-File-Share-iOS";
				PRODUCT_NAME = "$(TARGET_NAME)";
				SWIFT_EMIT_LOC_STRINGS = YES;
				SWIFT_VERSION = 5.0;
				TARGETED_DEVICE_FAMILY = "1,2";
			};
			name = Release;
		};
		0D88BAB727F311B800FCD9FF /* Debug */ = {
			isa = XCBuildConfiguration;
			buildSettings = {
				ALWAYS_EMBED_SWIFT_STANDARD_LIBRARIES = YES;
				BUNDLE_LOADER = "$(TEST_HOST)";
				CODE_SIGN_STYLE = Automatic;
				CURRENT_PROJECT_VERSION = 1;
				DEVELOPMENT_TEAM = K4A9T7D84R;
				GENERATE_INFOPLIST_FILE = YES;
				IPHONEOS_DEPLOYMENT_TARGET = 15.2;
				MARKETING_VERSION = 1.0;
				PRODUCT_BUNDLE_IDENTIFIER = "com.Self.Wifi-File-Share-iOSTests";
				PRODUCT_NAME = "$(TARGET_NAME)";
				SWIFT_EMIT_LOC_STRINGS = NO;
				SWIFT_VERSION = 5.0;
				TARGETED_DEVICE_FAMILY = "1,2";
				TEST_HOST = "$(BUILT_PRODUCTS_DIR)/Wifi File Share iOS.app/Wifi File Share iOS";
			};
			name = Debug;
		};
		0D88BAB827F311B800FCD9FF /* Release */ = {
			isa = XCBuildConfiguration;
			buildSettings = {
				ALWAYS_EMBED_SWIFT_STANDARD_LIBRARIES = YES;
				BUNDLE_LOADER = "$(TEST_HOST)";
				CODE_SIGN_STYLE = Automatic;
				CURRENT_PROJECT_VERSION = 1;
				DEVELOPMENT_TEAM = K4A9T7D84R;
				GENERATE_INFOPLIST_FILE = YES;
				IPHONEOS_DEPLOYMENT_TARGET = 15.2;
				MARKETING_VERSION = 1.0;
				PRODUCT_BUNDLE_IDENTIFIER = "com.Self.Wifi-File-Share-iOSTests";
				PRODUCT_NAME = "$(TARGET_NAME)";
				SWIFT_EMIT_LOC_STRINGS = NO;
				SWIFT_VERSION = 5.0;
				TARGETED_DEVICE_FAMILY = "1,2";
				TEST_HOST = "$(BUILT_PRODUCTS_DIR)/Wifi File Share iOS.app/Wifi File Share iOS";
			};
			name = Release;
		};
		0D88BABA27F311B800FCD9FF /* Debug */ = {
			isa = XCBuildConfiguration;
			buildSettings = {
				ALWAYS_EMBED_SWIFT_STANDARD_LIBRARIES = YES;
				CODE_SIGN_STYLE = Automatic;
				CURRENT_PROJECT_VERSION = 1;
				DEVELOPMENT_TEAM = K4A9T7D84R;
				GENERATE_INFOPLIST_FILE = YES;
				MARKETING_VERSION = 1.0;
				PRODUCT_BUNDLE_IDENTIFIER = "com.Self.Wifi-File-Share-iOSUITests";
				PRODUCT_NAME = "$(TARGET_NAME)";
				SWIFT_EMIT_LOC_STRINGS = NO;
				SWIFT_VERSION = 5.0;
				TARGETED_DEVICE_FAMILY = "1,2";
				TEST_TARGET_NAME = "Wifi File Share iOS";
			};
			name = Debug;
		};
		0D88BABB27F311B800FCD9FF /* Release */ = {
			isa = XCBuildConfiguration;
			buildSettings = {
				ALWAYS_EMBED_SWIFT_STANDARD_LIBRARIES = YES;
				CODE_SIGN_STYLE = Automatic;
				CURRENT_PROJECT_VERSION = 1;
				DEVELOPMENT_TEAM = K4A9T7D84R;
				GENERATE_INFOPLIST_FILE = YES;
				MARKETING_VERSION = 1.0;
				PRODUCT_BUNDLE_IDENTIFIER = "com.Self.Wifi-File-Share-iOSUITests";
				PRODUCT_NAME = "$(TARGET_NAME)";
				SWIFT_EMIT_LOC_STRINGS = NO;
				SWIFT_VERSION = 5.0;
				TARGETED_DEVICE_FAMILY = "1,2";
				TEST_TARGET_NAME = "Wifi File Share iOS";
			};
			name = Release;
		};
/* End XCBuildConfiguration section */

/* Begin XCConfigurationList section */
		0D88BA8427F311AF00FCD9FF /* Build configuration list for PBXProject "Wifi File Share iOS" */ = {
			isa = XCConfigurationList;
			buildConfigurations = (
				0D88BAB127F311B800FCD9FF /* Debug */,
				0D88BAB227F311B800FCD9FF /* Release */,
			);
			defaultConfigurationIsVisible = 0;
			defaultConfigurationName = Release;
		};
		0D88BAB327F311B800FCD9FF /* Build configuration list for PBXNativeTarget "Wifi File Share iOS" */ = {
			isa = XCConfigurationList;
			buildConfigurations = (
				0D88BAB427F311B800FCD9FF /* Debug */,
				0D88BAB527F311B800FCD9FF /* Release */,
			);
			defaultConfigurationIsVisible = 0;
			defaultConfigurationName = Release;
		};
		0D88BAB627F311B800FCD9FF /* Build configuration list for PBXNativeTarget "Wifi File Share iOSTests" */ = {
			isa = XCConfigurationList;
			buildConfigurations = (
				0D88BAB727F311B800FCD9FF /* Debug */,
				0D88BAB827F311B800FCD9FF /* Release */,
			);
			defaultConfigurationIsVisible = 0;
			defaultConfigurationName = Release;
		};
		0D88BAB927F311B800FCD9FF /* Build configuration list for PBXNativeTarget "Wifi File Share iOSUITests" */ = {
			isa = XCConfigurationList;
			buildConfigurations = (
				0D88BABA27F311B800FCD9FF /* Debug */,
				0D88BABB27F311B800FCD9FF /* Release */,
			);
			defaultConfigurationIsVisible = 0;
			defaultConfigurationName = Release;
		};
/* End XCConfigurationList section */
	};
	rootObject = 0D88BA8127F311AF00FCD9FF /* Project object */;
}
